// !$*UTF8*$!
{
	archiveVersion = 1;
	classes = {
	};
	objectVersion = 46;
	objects = {

/* Begin PBXBuildFile section */
		A514F29C1E31604F00AC875B /* AppDelegate.swift in Sources */ = {isa = PBXBuildFile; fileRef = A514F29B1E31604F00AC875B /* AppDelegate.swift */; };
		A514F29E1E31604F00AC875B /* ExploreViewController.swift in Sources */ = {isa = PBXBuildFile; fileRef = A514F29D1E31604F00AC875B /* ExploreViewController.swift */; };
		A514F2A11E31604F00AC875B /* Main.storyboard in Resources */ = {isa = PBXBuildFile; fileRef = A514F29F1E31604F00AC875B /* Main.storyboard */; };
		A514F2A31E31604F00AC875B /* Assets.xcassets in Resources */ = {isa = PBXBuildFile; fileRef = A514F2A21E31604F00AC875B /* Assets.xcassets */; };
		A514F2A61E31604F00AC875B /* LaunchScreen.storyboard in Resources */ = {isa = PBXBuildFile; fileRef = A514F2A41E31604F00AC875B /* LaunchScreen.storyboard */; };
		A514F2B31E316AC800AC875B /* Recipe.swift in Sources */ = {isa = PBXBuildFile; fileRef = A514F2B21E316AC800AC875B /* Recipe.swift */; };
		A525818B1E33C49100F0BD5D /* RecipeFormViewModel.swift in Sources */ = {isa = PBXBuildFile; fileRef = A525818A1E33C49100F0BD5D /* RecipeFormViewModel.swift */; };
		A54C49DD1E3E294D001A7D48 /* RecipeCollectionViewCellViewModel.swift in Sources */ = {isa = PBXBuildFile; fileRef = A54C49DC1E3E294D001A7D48 /* RecipeCollectionViewCellViewModel.swift */; };
		A54C49DF1E3E461F001A7D48 /* RecipeDetailHeaderSectionCell.swift in Sources */ = {isa = PBXBuildFile; fileRef = A54C49DE1E3E461F001A7D48 /* RecipeDetailHeaderSectionCell.swift */; };
		A54DBECB1E33E663000FE51A /* RecipeAPI.swift in Sources */ = {isa = PBXBuildFile; fileRef = A54DBECA1E33E663000FE51A /* RecipeAPI.swift */; };
		A54DBECD1E33F1B9000FE51A /* Photo.swift in Sources */ = {isa = PBXBuildFile; fileRef = A54DBECC1E33F1B9000FE51A /* Photo.swift */; };
		A54DBECF1E33F24B000FE51A /* RecipeNetwork.swift in Sources */ = {isa = PBXBuildFile; fileRef = A54DBECE1E33F24B000FE51A /* RecipeNetwork.swift */; };
		A55009D51E40DB2900802DDD /* BaseNavigationViewController.swift in Sources */ = {isa = PBXBuildFile; fileRef = A55009D41E40DB2900802DDD /* BaseNavigationViewController.swift */; };
		A550A5FD1E3D335100FDCFCA /* RecipeRouter.swift in Sources */ = {isa = PBXBuildFile; fileRef = A550A5FC1E3D335100FDCFCA /* RecipeRouter.swift */; };
		A550A6001E3D407400FDCFCA /* RecipeDetailSectionCell.swift in Sources */ = {isa = PBXBuildFile; fileRef = A550A5FF1E3D407400FDCFCA /* RecipeDetailSectionCell.swift */; };
		A55D792E1E34A6680015511B /* RecipeStub.swift in Sources */ = {isa = PBXBuildFile; fileRef = A55D792D1E34A6680015511B /* RecipeStub.swift */; };
		A55D79301E34AD970015511B /* RecipeViewModel.swift in Sources */ = {isa = PBXBuildFile; fileRef = A55D792F1E34AD970015511B /* RecipeViewModel.swift */; };
		A55D79331E34BDA00015511B /* SwinjectStoryboardExtension.swift in Sources */ = {isa = PBXBuildFile; fileRef = A55D79321E34BDA00015511B /* SwinjectStoryboardExtension.swift */; };
		A55D79351E34CA010015511B /* getRecipes.json in Resources */ = {isa = PBXBuildFile; fileRef = A55D79341E34CA010015511B /* getRecipes.json */; };
		A55D79571E355E320015511B /* RecipeCollectionViewCell.xib in Resources */ = {isa = PBXBuildFile; fileRef = A55D79561E355E320015511B /* RecipeCollectionViewCell.xib */; };
		A55D79591E355ECF0015511B /* RecipeCollectionViewCell.swift in Sources */ = {isa = PBXBuildFile; fileRef = A55D79581E355ECF0015511B /* RecipeCollectionViewCell.swift */; };
		A55D795B1E3565E50015511B /* RecipeExpandingTableViewController.swift in Sources */ = {isa = PBXBuildFile; fileRef = A55D795A1E3565E50015511B /* RecipeExpandingTableViewController.swift */; };
		A5944FC21E33537000FB4F1D /* ArrayExtension.swift in Sources */ = {isa = PBXBuildFile; fileRef = A5944FC11E33537000FB4F1D /* ArrayExtension.swift */; };
		A5944FC51E335BB100FB4F1D /* CAEmitterRecipe.swift in Sources */ = {isa = PBXBuildFile; fileRef = A5944FC41E335BB100FB4F1D /* CAEmitterRecipe.swift */; };
		A5A8AD2B1E33760B00AD37DC /* AboutViewController.swift in Sources */ = {isa = PBXBuildFile; fileRef = A5A8AD2A1E33760B00AD37DC /* AboutViewController.swift */; };
		A5A8AD2D1E33774500AD37DC /* RecipeTabBarController.swift in Sources */ = {isa = PBXBuildFile; fileRef = A5A8AD2C1E33774500AD37DC /* RecipeTabBarController.swift */; };
		A5A8AD2F1E337F0800AD37DC /* RecipeFormViewController.swift in Sources */ = {isa = PBXBuildFile; fileRef = A5A8AD2E1E337F0800AD37DC /* RecipeFormViewController.swift */; };
		A5A8AD311E3395C600AD37DC /* DifficultyView.xib in Resources */ = {isa = PBXBuildFile; fileRef = A5A8AD301E3395C600AD37DC /* DifficultyView.xib */; };
		A5A8AD331E33973300AD37DC /* DifficultyView.swift in Sources */ = {isa = PBXBuildFile; fileRef = A5A8AD321E33973300AD37DC /* DifficultyView.swift */; };
		A5A8AD351E33983D00AD37DC /* ColorExtension.swift in Sources */ = {isa = PBXBuildFile; fileRef = A5A8AD341E33983D00AD37DC /* ColorExtension.swift */; };
		ADB521FA6035A5CA9C10036B /* Pods_HyperRecipe.framework in Frameworks */ = {isa = PBXBuildFile; fileRef = 923B2639D0BFCBD22DA00A99 /* Pods_HyperRecipe.framework */; };
/* End PBXBuildFile section */

/* Begin PBXFileReference section */
		923B2639D0BFCBD22DA00A99 /* Pods_HyperRecipe.framework */ = {isa = PBXFileReference; explicitFileType = wrapper.framework; includeInIndex = 0; path = Pods_HyperRecipe.framework; sourceTree = BUILT_PRODUCTS_DIR; };
		A514F2981E31604F00AC875B /* HyperRecipe.app */ = {isa = PBXFileReference; explicitFileType = wrapper.application; includeInIndex = 0; path = HyperRecipe.app; sourceTree = BUILT_PRODUCTS_DIR; };
		A514F29B1E31604F00AC875B /* AppDelegate.swift */ = {isa = PBXFileReference; lastKnownFileType = sourcecode.swift; path = AppDelegate.swift; sourceTree = "<group>"; };
		A514F29D1E31604F00AC875B /* ExploreViewController.swift */ = {isa = PBXFileReference; lastKnownFileType = sourcecode.swift; name = ExploreViewController.swift; path = ViewControllers/ExploreViewController.swift; sourceTree = "<group>"; };
		A514F2A01E31604F00AC875B /* Base */ = {isa = PBXFileReference; lastKnownFileType = file.storyboard; name = Base; path = Base.lproj/Main.storyboard; sourceTree = "<group>"; };
		A514F2A21E31604F00AC875B /* Assets.xcassets */ = {isa = PBXFileReference; lastKnownFileType = folder.assetcatalog; path = Assets.xcassets; sourceTree = "<group>"; };
		A514F2A51E31604F00AC875B /* Base */ = {isa = PBXFileReference; lastKnownFileType = file.storyboard; name = Base; path = Base.lproj/LaunchScreen.storyboard; sourceTree = "<group>"; };
		A514F2A71E31604F00AC875B /* Info.plist */ = {isa = PBXFileReference; lastKnownFileType = text.plist.xml; path = Info.plist; sourceTree = "<group>"; };
		A514F2B21E316AC800AC875B /* Recipe.swift */ = {isa = PBXFileReference; fileEncoding = 4; lastKnownFileType = sourcecode.swift; name = Recipe.swift; path = Models/Recipe.swift; sourceTree = "<group>"; };
		A525818A1E33C49100F0BD5D /* RecipeFormViewModel.swift */ = {isa = PBXFileReference; fileEncoding = 4; lastKnownFileType = sourcecode.swift; name = RecipeFormViewModel.swift; path = ViewModel/RecipeFormViewModel.swift; sourceTree = "<group>"; };
		A54C49DC1E3E294D001A7D48 /* RecipeCollectionViewCellViewModel.swift */ = {isa = PBXFileReference; fileEncoding = 4; lastKnownFileType = sourcecode.swift; name = RecipeCollectionViewCellViewModel.swift; path = ViewModel/RecipeCollectionViewCellViewModel.swift; sourceTree = "<group>"; };
		A54C49DE1E3E461F001A7D48 /* RecipeDetailHeaderSectionCell.swift */ = {isa = PBXFileReference; fileEncoding = 4; lastKnownFileType = sourcecode.swift; path = RecipeDetailHeaderSectionCell.swift; sourceTree = "<group>"; };
		A54DBECA1E33E663000FE51A /* RecipeAPI.swift */ = {isa = PBXFileReference; fileEncoding = 4; lastKnownFileType = sourcecode.swift; name = RecipeAPI.swift; path = APIs/RecipeAPI.swift; sourceTree = "<group>"; };
		A54DBECC1E33F1B9000FE51A /* Photo.swift */ = {isa = PBXFileReference; fileEncoding = 4; lastKnownFileType = sourcecode.swift; name = Photo.swift; path = Models/Photo.swift; sourceTree = "<group>"; };
		A54DBECE1E33F24B000FE51A /* RecipeNetwork.swift */ = {isa = PBXFileReference; fileEncoding = 4; lastKnownFileType = sourcecode.swift; name = RecipeNetwork.swift; path = APIs/Network/RecipeNetwork.swift; sourceTree = "<group>"; };
		A55009D41E40DB2900802DDD /* BaseNavigationViewController.swift */ = {isa = PBXFileReference; fileEncoding = 4; lastKnownFileType = sourcecode.swift; name = BaseNavigationViewController.swift; path = ViewControllers/BaseNavigationViewController.swift; sourceTree = "<group>"; };
		A550A5FC1E3D335100FDCFCA /* RecipeRouter.swift */ = {isa = PBXFileReference; fileEncoding = 4; lastKnownFileType = sourcecode.swift; name = RecipeRouter.swift; path = APIs/RecipeRouter.swift; sourceTree = "<group>"; };
		A550A5FF1E3D407400FDCFCA /* RecipeDetailSectionCell.swift */ = {isa = PBXFileReference; fileEncoding = 4; lastKnownFileType = sourcecode.swift; path = RecipeDetailSectionCell.swift; sourceTree = "<group>"; };
		A55D792D1E34A6680015511B /* RecipeStub.swift */ = {isa = PBXFileReference; fileEncoding = 4; lastKnownFileType = sourcecode.swift; name = RecipeStub.swift; path = Stub/RecipeStub.swift; sourceTree = "<group>"; };
		A55D792F1E34AD970015511B /* RecipeViewModel.swift */ = {isa = PBXFileReference; fileEncoding = 4; lastKnownFileType = sourcecode.swift; name = RecipeViewModel.swift; path = ViewModel/RecipeViewModel.swift; sourceTree = "<group>"; };
		A55D79321E34BDA00015511B /* SwinjectStoryboardExtension.swift */ = {isa = PBXFileReference; fileEncoding = 4; lastKnownFileType = sourcecode.swift; name = SwinjectStoryboardExtension.swift; path = DependencyInjection/SwinjectStoryboardExtension.swift; sourceTree = "<group>"; };
		A55D79341E34CA010015511B /* getRecipes.json */ = {isa = PBXFileReference; fileEncoding = 4; lastKnownFileType = text.json; path = getRecipes.json; sourceTree = "<group>"; };
		A55D79561E355E320015511B /* RecipeCollectionViewCell.xib */ = {isa = PBXFileReference; fileEncoding = 4; lastKnownFileType = file.xib; name = RecipeCollectionViewCell.xib; path = Views/RecipeCollectionViewCell/RecipeCollectionViewCell.xib; sourceTree = "<group>"; };
		A55D79581E355ECF0015511B /* RecipeCollectionViewCell.swift */ = {isa = PBXFileReference; fileEncoding = 4; lastKnownFileType = sourcecode.swift; name = RecipeCollectionViewCell.swift; path = Views/RecipeCollectionViewCell/RecipeCollectionViewCell.swift; sourceTree = "<group>"; };
		A55D795A1E3565E50015511B /* RecipeExpandingTableViewController.swift */ = {isa = PBXFileReference; fileEncoding = 4; lastKnownFileType = sourcecode.swift; name = RecipeExpandingTableViewController.swift; path = ViewControllers/RecipeExpandingTableViewController.swift; sourceTree = "<group>"; };
		A5944FC11E33537000FB4F1D /* ArrayExtension.swift */ = {isa = PBXFileReference; fileEncoding = 4; lastKnownFileType = sourcecode.swift; name = ArrayExtension.swift; path = Extensions/ArrayExtension.swift; sourceTree = "<group>"; };
		A5944FC41E335BB100FB4F1D /* CAEmitterRecipe.swift */ = {isa = PBXFileReference; fileEncoding = 4; lastKnownFileType = sourcecode.swift; name = CAEmitterRecipe.swift; path = Animations/CAEmitterRecipe.swift; sourceTree = "<group>"; };
		A5A8AD2A1E33760B00AD37DC /* AboutViewController.swift */ = {isa = PBXFileReference; fileEncoding = 4; lastKnownFileType = sourcecode.swift; name = AboutViewController.swift; path = ViewControllers/AboutViewController.swift; sourceTree = "<group>"; };
		A5A8AD2C1E33774500AD37DC /* RecipeTabBarController.swift */ = {isa = PBXFileReference; fileEncoding = 4; lastKnownFileType = sourcecode.swift; name = RecipeTabBarController.swift; path = ViewControllers/RecipeTabBarController.swift; sourceTree = "<group>"; };
		A5A8AD2E1E337F0800AD37DC /* RecipeFormViewController.swift */ = {isa = PBXFileReference; fileEncoding = 4; lastKnownFileType = sourcecode.swift; name = RecipeFormViewController.swift; path = ViewControllers/RecipeFormViewController.swift; sourceTree = "<group>"; };
		A5A8AD301E3395C600AD37DC /* DifficultyView.xib */ = {isa = PBXFileReference; fileEncoding = 4; lastKnownFileType = file.xib; name = DifficultyView.xib; path = Views/DifficultyView/DifficultyView.xib; sourceTree = "<group>"; };
		A5A8AD321E33973300AD37DC /* DifficultyView.swift */ = {isa = PBXFileReference; fileEncoding = 4; lastKnownFileType = sourcecode.swift; name = DifficultyView.swift; path = Views/DifficultyView/DifficultyView.swift; sourceTree = "<group>"; };
		A5A8AD341E33983D00AD37DC /* ColorExtension.swift */ = {isa = PBXFileReference; fileEncoding = 4; lastKnownFileType = sourcecode.swift; name = ColorExtension.swift; path = Extensions/ColorExtension.swift; sourceTree = "<group>"; };
		D7DD5C1285FC069E79A6DE77 /* Pods-HyperRecipe.debug.xcconfig */ = {isa = PBXFileReference; includeInIndex = 1; lastKnownFileType = text.xcconfig; name = "Pods-HyperRecipe.debug.xcconfig"; path = "Pods/Target Support Files/Pods-HyperRecipe/Pods-HyperRecipe.debug.xcconfig"; sourceTree = "<group>"; };
		F8E4E83DBBA84825D97AB085 /* Pods-HyperRecipe.release.xcconfig */ = {isa = PBXFileReference; includeInIndex = 1; lastKnownFileType = text.xcconfig; name = "Pods-HyperRecipe.release.xcconfig"; path = "Pods/Target Support Files/Pods-HyperRecipe/Pods-HyperRecipe.release.xcconfig"; sourceTree = "<group>"; };
/* End PBXFileReference section */

/* Begin PBXFrameworksBuildPhase section */
		A514F2951E31604F00AC875B /* Frameworks */ = {
			isa = PBXFrameworksBuildPhase;
			buildActionMask = 2147483647;
			files = (
				ADB521FA6035A5CA9C10036B /* Pods_HyperRecipe.framework in Frameworks */,
			);
			runOnlyForDeploymentPostprocessing = 0;
		};
/* End PBXFrameworksBuildPhase section */

/* Begin PBXGroup section */
		3992F9E552E56D7AAF6E6541 /* Pods */ = {
			isa = PBXGroup;
			children = (
				D7DD5C1285FC069E79A6DE77 /* Pods-HyperRecipe.debug.xcconfig */,
				F8E4E83DBBA84825D97AB085 /* Pods-HyperRecipe.release.xcconfig */,
			);
			name = Pods;
			sourceTree = "<group>";
		};
		980AB5CE2E935676DEA8E447 /* Frameworks */ = {
			isa = PBXGroup;
			children = (
				923B2639D0BFCBD22DA00A99 /* Pods_HyperRecipe.framework */,
			);
			name = Frameworks;
			sourceTree = "<group>";
		};
		A514F28F1E31604F00AC875B = {
			isa = PBXGroup;
			children = (
				A514F29A1E31604F00AC875B /* HyperRecipe */,
				A514F2991E31604F00AC875B /* Products */,
				3992F9E552E56D7AAF6E6541 /* Pods */,
				980AB5CE2E935676DEA8E447 /* Frameworks */,
			);
			sourceTree = "<group>";
		};
		A514F2991E31604F00AC875B /* Products */ = {
			isa = PBXGroup;
			children = (
				A514F2981E31604F00AC875B /* HyperRecipe.app */,
			);
			name = Products;
			sourceTree = "<group>";
		};
		A514F29A1E31604F00AC875B /* HyperRecipe */ = {
			isa = PBXGroup;
			children = (
				A55D79311E34BD160015511B /* DependencyInjection */,
				A54DBEC61E33E526000FE51A /* APIs */,
				A5944FC31E335B9B00FB4F1D /* Animations */,
				A5944FC01E33533E00FB4F1D /* Extensions */,
				A514F2B11E3162C800AC875B /* Views */,
				A514F2B01E3162BE00AC875B /* ViewControllers */,
				A514F2AF1E3162B800AC875B /* ViewModel */,
				A514F2AE1E3162B300AC875B /* Models */,
				A514F2AD1E31629800AC875B /* DependencyInjection */,
				A514F29B1E31604F00AC875B /* AppDelegate.swift */,
				A514F2A21E31604F00AC875B /* Assets.xcassets */,
				A514F2A71E31604F00AC875B /* Info.plist */,
			);
			path = HyperRecipe;
			sourceTree = "<group>";
		};
		A514F2AD1E31629800AC875B /* DependencyInjection */ = {
			isa = PBXGroup;
			children = (
			);
			name = DependencyInjection;
			sourceTree = "<group>";
		};
		A514F2AE1E3162B300AC875B /* Models */ = {
			isa = PBXGroup;
			children = (
				A514F2B21E316AC800AC875B /* Recipe.swift */,
				A54DBECC1E33F1B9000FE51A /* Photo.swift */,
			);
			name = Models;
			sourceTree = "<group>";
		};
		A514F2AF1E3162B800AC875B /* ViewModel */ = {
			isa = PBXGroup;
			children = (
				A525818A1E33C49100F0BD5D /* RecipeFormViewModel.swift */,
				A55D792F1E34AD970015511B /* RecipeViewModel.swift */,
				A54C49DC1E3E294D001A7D48 /* RecipeCollectionViewCellViewModel.swift */,
			);
			name = ViewModel;
			sourceTree = "<group>";
		};
		A514F2B01E3162BE00AC875B /* ViewControllers */ = {
			isa = PBXGroup;
			children = (
				A514F29D1E31604F00AC875B /* ExploreViewController.swift */,
				A5A8AD2A1E33760B00AD37DC /* AboutViewController.swift */,
				A5A8AD2C1E33774500AD37DC /* RecipeTabBarController.swift */,
				A5A8AD2E1E337F0800AD37DC /* RecipeFormViewController.swift */,
				A55D795A1E3565E50015511B /* RecipeExpandingTableViewController.swift */,
				A55009D41E40DB2900802DDD /* BaseNavigationViewController.swift */,
			);
			name = ViewControllers;
			sourceTree = "<group>";
		};
		A514F2B11E3162C800AC875B /* Views */ = {
			isa = PBXGroup;
			children = (
				A550A5FE1E3D407400FDCFCA /* RecipeDetailSectionCell */,
				A514F29F1E31604F00AC875B /* Main.storyboard */,
				A514F2A41E31604F00AC875B /* LaunchScreen.storyboard */,
				A55D79551E355DFD0015511B /* RecipeCollectionViewCell */,
				A55D79541E355A1E0015511B /* DifficultyView */,
			);
			name = Views;
			sourceTree = "<group>";
		};
		A54DBEC61E33E526000FE51A /* APIs */ = {
			isa = PBXGroup;
			children = (
				A54DBECA1E33E663000FE51A /* RecipeAPI.swift */,
				A550A5FC1E3D335100FDCFCA /* RecipeRouter.swift */,
				A54DBEC91E33E5F3000FE51A /* Network */,
				A54DBEC81E33E53B000FE51A /* Stub */,
			);
			name = APIs;
			sourceTree = "<group>";
		};
		A54DBEC81E33E53B000FE51A /* Stub */ = {
			isa = PBXGroup;
			children = (
				A55D79341E34CA010015511B /* getRecipes.json */,
				A55D792D1E34A6680015511B /* RecipeStub.swift */,
			);
			name = Stub;
			sourceTree = "<group>";
		};
		A54DBEC91E33E5F3000FE51A /* Network */ = {
			isa = PBXGroup;
			children = (
				A54DBECE1E33F24B000FE51A /* RecipeNetwork.swift */,
			);
			name = Network;
			sourceTree = "<group>";
		};
		A550A5FE1E3D407400FDCFCA /* RecipeDetailSectionCell */ = {
			isa = PBXGroup;
			children = (
				A54C49DE1E3E461F001A7D48 /* RecipeDetailHeaderSectionCell.swift */,
				A550A5FF1E3D407400FDCFCA /* RecipeDetailSectionCell.swift */,
			);
			name = RecipeDetailSectionCell;
			path = Views/RecipeDetailSectionCell;
			sourceTree = "<group>";
		};
		A55D79311E34BD160015511B /* DependencyInjection */ = {
			isa = PBXGroup;
			children = (
				A55D79321E34BDA00015511B /* SwinjectStoryboardExtension.swift */,
			);
			name = DependencyInjection;
			sourceTree = "<group>";
		};
		A55D79541E355A1E0015511B /* DifficultyView */ = {
			isa = PBXGroup;
			children = (
				A5A8AD301E3395C600AD37DC /* DifficultyView.xib */,
				A5A8AD321E33973300AD37DC /* DifficultyView.swift */,
			);
			name = DifficultyView;
			sourceTree = "<group>";
		};
		A55D79551E355DFD0015511B /* RecipeCollectionViewCell */ = {
			isa = PBXGroup;
			children = (
				A55D79561E355E320015511B /* RecipeCollectionViewCell.xib */,
				A55D79581E355ECF0015511B /* RecipeCollectionViewCell.swift */,
			);
			name = RecipeCollectionViewCell;
			sourceTree = "<group>";
		};
		A5944FC01E33533E00FB4F1D /* Extensions */ = {
			isa = PBXGroup;
			children = (
				A5944FC11E33537000FB4F1D /* ArrayExtension.swift */,
				A5A8AD341E33983D00AD37DC /* ColorExtension.swift */,
			);
			name = Extensions;
			sourceTree = "<group>";
		};
		A5944FC31E335B9B00FB4F1D /* Animations */ = {
			isa = PBXGroup;
			children = (
				A5944FC41E335BB100FB4F1D /* CAEmitterRecipe.swift */,
			);
			name = Animations;
			sourceTree = "<group>";
		};
/* End PBXGroup section */

/* Begin PBXNativeTarget section */
		A514F2971E31604F00AC875B /* HyperRecipe */ = {
			isa = PBXNativeTarget;
			buildConfigurationList = A514F2AA1E31604F00AC875B /* Build configuration list for PBXNativeTarget "HyperRecipe" */;
			buildPhases = (
				0F6113531B28B6CCD3BF5E6C /* [CP] Check Pods Manifest.lock */,
				A514F2941E31604F00AC875B /* Sources */,
				A514F2951E31604F00AC875B /* Frameworks */,
				A514F2961E31604F00AC875B /* Resources */,
				9D6C8B166D265AF48CDC2061 /* [CP] Embed Pods Frameworks */,
				010F39FFFCEEC835A6C3A146 /* [CP] Copy Pods Resources */,
			);
			buildRules = (
			);
			dependencies = (
			);
			name = HyperRecipe;
			productName = HyperRecipe;
			productReference = A514F2981E31604F00AC875B /* HyperRecipe.app */;
			productType = "com.apple.product-type.application";
		};
/* End PBXNativeTarget section */

/* Begin PBXProject section */
		A514F2901E31604F00AC875B /* Project object */ = {
			isa = PBXProject;
			attributes = {
				LastSwiftUpdateCheck = 0820;
				LastUpgradeCheck = 0820;
				ORGANIZATIONNAME = "Aymen Rebouh";
				TargetAttributes = {
					A514F2971E31604F00AC875B = {
						CreatedOnToolsVersion = 8.2.1;
						DevelopmentTeam = D7C48J3S5N;
						ProvisioningStyle = Automatic;
					};
				};
			};
			buildConfigurationList = A514F2931E31604F00AC875B /* Build configuration list for PBXProject "HyperRecipe" */;
			compatibilityVersion = "Xcode 3.2";
			developmentRegion = English;
			hasScannedForEncodings = 0;
			knownRegions = (
				en,
				Base,
			);
			mainGroup = A514F28F1E31604F00AC875B;
			productRefGroup = A514F2991E31604F00AC875B /* Products */;
			projectDirPath = "";
			projectRoot = "";
			targets = (
				A514F2971E31604F00AC875B /* HyperRecipe */,
			);
		};
/* End PBXProject section */

/* Begin PBXResourcesBuildPhase section */
		A514F2961E31604F00AC875B /* Resources */ = {
			isa = PBXResourcesBuildPhase;
			buildActionMask = 2147483647;
			files = (
				A55D79351E34CA010015511B /* getRecipes.json in Resources */,
				A514F2A61E31604F00AC875B /* LaunchScreen.storyboard in Resources */,
				A55D79571E355E320015511B /* RecipeCollectionViewCell.xib in Resources */,
				A5A8AD311E3395C600AD37DC /* DifficultyView.xib in Resources */,
				A514F2A31E31604F00AC875B /* Assets.xcassets in Resources */,
				A514F2A11E31604F00AC875B /* Main.storyboard in Resources */,
			);
			runOnlyForDeploymentPostprocessing = 0;
		};
/* End PBXResourcesBuildPhase section */

/* Begin PBXShellScriptBuildPhase section */
		010F39FFFCEEC835A6C3A146 /* [CP] Copy Pods Resources */ = {
			isa = PBXShellScriptBuildPhase;
			buildActionMask = 2147483647;
			files = (
			);
			inputPaths = (
			);
			name = "[CP] Copy Pods Resources";
			outputPaths = (
			);
			runOnlyForDeploymentPostprocessing = 0;
			shellPath = /bin/sh;
			shellScript = "\"${SRCROOT}/Pods/Target Support Files/Pods-HyperRecipe/Pods-HyperRecipe-resources.sh\"\n";
			showEnvVarsInLog = 0;
		};
		0F6113531B28B6CCD3BF5E6C /* [CP] Check Pods Manifest.lock */ = {
			isa = PBXShellScriptBuildPhase;
			buildActionMask = 2147483647;
			files = (
			);
			inputPaths = (
			);
			name = "[CP] Check Pods Manifest.lock";
			outputPaths = (
			);
			runOnlyForDeploymentPostprocessing = 0;
			shellPath = /bin/sh;
			shellScript = "diff \"${PODS_ROOT}/../Podfile.lock\" \"${PODS_ROOT}/Manifest.lock\" > /dev/null\nif [ $? != 0 ] ; then\n    # print error to STDERR\n    echo \"error: The sandbox is not in sync with the Podfile.lock. Run 'pod install' or update your CocoaPods installation.\" >&2\n    exit 1\nfi\n";
			showEnvVarsInLog = 0;
		};
		9D6C8B166D265AF48CDC2061 /* [CP] Embed Pods Frameworks */ = {
			isa = PBXShellScriptBuildPhase;
			buildActionMask = 2147483647;
			files = (
			);
			inputPaths = (
			);
			name = "[CP] Embed Pods Frameworks";
			outputPaths = (
			);
			runOnlyForDeploymentPostprocessing = 0;
			shellPath = /bin/sh;
			shellScript = "\"${SRCROOT}/Pods/Target Support Files/Pods-HyperRecipe/Pods-HyperRecipe-frameworks.sh\"\n";
			showEnvVarsInLog = 0;
		};
/* End PBXShellScriptBuildPhase section */

/* Begin PBXSourcesBuildPhase section */
		A514F2941E31604F00AC875B /* Sources */ = {
			isa = PBXSourcesBuildPhase;
			buildActionMask = 2147483647;
			files = (
				A55D792E1E34A6680015511B /* RecipeStub.swift in Sources */,
				A54DBECD1E33F1B9000FE51A /* Photo.swift in Sources */,
				A525818B1E33C49100F0BD5D /* RecipeFormViewModel.swift in Sources */,
				A55009D51E40DB2900802DDD /* BaseNavigationViewController.swift in Sources */,
				A55D79301E34AD970015511B /* RecipeViewModel.swift in Sources */,
				A514F2B31E316AC800AC875B /* Recipe.swift in Sources */,
				A54DBECB1E33E663000FE51A /* RecipeAPI.swift in Sources */,
				A54C49DD1E3E294D001A7D48 /* RecipeCollectionViewCellViewModel.swift in Sources */,
				A5A8AD2B1E33760B00AD37DC /* AboutViewController.swift in Sources */,
				A514F29E1E31604F00AC875B /* ExploreViewController.swift in Sources */,
				A550A5FD1E3D335100FDCFCA /* RecipeRouter.swift in Sources */,
				A5944FC21E33537000FB4F1D /* ArrayExtension.swift in Sources */,
				A55D79591E355ECF0015511B /* RecipeCollectionViewCell.swift in Sources */,
				A550A6001E3D407400FDCFCA /* RecipeDetailSectionCell.swift in Sources */,
				A5A8AD331E33973300AD37DC /* DifficultyView.swift in Sources */,
				A54C49DF1E3E461F001A7D48 /* RecipeDetailHeaderSectionCell.swift in Sources */,
				A55D795B1E3565E50015511B /* RecipeExpandingTableViewController.swift in Sources */,
				A54DBECF1E33F24B000FE51A /* RecipeNetwork.swift in Sources */,
				A5A8AD2F1E337F0800AD37DC /* RecipeFormViewController.swift in Sources */,
				A55D79331E34BDA00015511B /* SwinjectStoryboardExtension.swift in Sources */,
				A5944FC51E335BB100FB4F1D /* CAEmitterRecipe.swift in Sources */,
				A514F29C1E31604F00AC875B /* AppDelegate.swift in Sources */,
				A5A8AD351E33983D00AD37DC /* ColorExtension.swift in Sources */,
				A5A8AD2D1E33774500AD37DC /* RecipeTabBarController.swift in Sources */,
			);
			runOnlyForDeploymentPostprocessing = 0;
		};
/* End PBXSourcesBuildPhase section */

/* Begin PBXVariantGroup section */
		A514F29F1E31604F00AC875B /* Main.storyboard */ = {
			isa = PBXVariantGroup;
			children = (
				A514F2A01E31604F00AC875B /* Base */,
			);
			name = Main.storyboard;
			sourceTree = "<group>";
		};
		A514F2A41E31604F00AC875B /* LaunchScreen.storyboard */ = {
			isa = PBXVariantGroup;
			children = (
				A514F2A51E31604F00AC875B /* Base */,
			);
			name = LaunchScreen.storyboard;
			sourceTree = "<group>";
		};
/* End PBXVariantGroup section */

/* Begin XCBuildConfiguration section */
		A514F2A81E31604F00AC875B /* Debug */ = {
			isa = XCBuildConfiguration;
			buildSettings = {
				ALWAYS_SEARCH_USER_PATHS = NO;
				CLANG_ANALYZER_NONNULL = YES;
				CLANG_CXX_LANGUAGE_STANDARD = "gnu++0x";
				CLANG_CXX_LIBRARY = "libc++";
				CLANG_ENABLE_MODULES = YES;
				CLANG_ENABLE_OBJC_ARC = YES;
				CLANG_WARN_BOOL_CONVERSION = YES;
				CLANG_WARN_CONSTANT_CONVERSION = YES;
				CLANG_WARN_DIRECT_OBJC_ISA_USAGE = YES_ERROR;
				CLANG_WARN_DOCUMENTATION_COMMENTS = YES;
				CLANG_WARN_EMPTY_BODY = YES;
				CLANG_WARN_ENUM_CONVERSION = YES;
				CLANG_WARN_INFINITE_RECURSION = YES;
				CLANG_WARN_INT_CONVERSION = YES;
				CLANG_WARN_OBJC_ROOT_CLASS = YES_ERROR;
				CLANG_WARN_SUSPICIOUS_MOVE = YES;
				CLANG_WARN_UNREACHABLE_CODE = YES;
				CLANG_WARN__DUPLICATE_METHOD_MATCH = YES;
				"CODE_SIGN_IDENTITY[sdk=iphoneos*]" = "iPhone Developer";
				COPY_PHASE_STRIP = NO;
				DEBUG_INFORMATION_FORMAT = dwarf;
				ENABLE_STRICT_OBJC_MSGSEND = YES;
				ENABLE_TESTABILITY = YES;
				GCC_C_LANGUAGE_STANDARD = gnu99;
				GCC_DYNAMIC_NO_PIC = NO;
				GCC_NO_COMMON_BLOCKS = YES;
				GCC_OPTIMIZATION_LEVEL = 0;
				GCC_PREPROCESSOR_DEFINITIONS = (
					"DEBUG=1",
					"$(inherited)",
				);
				GCC_WARN_64_TO_32_BIT_CONVERSION = YES;
				GCC_WARN_ABOUT_RETURN_TYPE = YES_ERROR;
				GCC_WARN_UNDECLARED_SELECTOR = YES;
				GCC_WARN_UNINITIALIZED_AUTOS = YES_AGGRESSIVE;
				GCC_WARN_UNUSED_FUNCTION = YES;
				GCC_WARN_UNUSED_VARIABLE = YES;
				IPHONEOS_DEPLOYMENT_TARGET = 10.0;
				MTL_ENABLE_DEBUG_INFO = YES;
				ONLY_ACTIVE_ARCH = YES;
				SDKROOT = iphoneos;
				SWIFT_ACTIVE_COMPILATION_CONDITIONS = DEBUG;
				SWIFT_OPTIMIZATION_LEVEL = "-Onone";
				TARGETED_DEVICE_FAMILY = "1,2";
			};
			name = Debug;
		};
		A514F2A91E31604F00AC875B /* Release */ = {
			isa = XCBuildConfiguration;
			buildSettings = {
				ALWAYS_SEARCH_USER_PATHS = NO;
				CLANG_ANALYZER_NONNULL = YES;
				CLANG_CXX_LANGUAGE_STANDARD = "gnu++0x";
				CLANG_CXX_LIBRARY = "libc++";
				CLANG_ENABLE_MODULES = YES;
				CLANG_ENABLE_OBJC_ARC = YES;
				CLANG_WARN_BOOL_CONVERSION = YES;
				CLANG_WARN_CONSTANT_CONVERSION = YES;
				CLANG_WARN_DIRECT_OBJC_ISA_USAGE = YES_ERROR;
				CLANG_WARN_DOCUMENTATION_COMMENTS = YES;
				CLANG_WARN_EMPTY_BODY = YES;
				CLANG_WARN_ENUM_CONVERSION = YES;
				CLANG_WARN_INFINITE_RECURSION = YES;
				CLANG_WARN_INT_CONVERSION = YES;
				CLANG_WARN_OBJC_ROOT_CLASS = YES_ERROR;
				CLANG_WARN_SUSPICIOUS_MOVE = YES;
				CLANG_WARN_UNREACHABLE_CODE = YES;
				CLANG_WARN__DUPLICATE_METHOD_MATCH = YES;
				"CODE_SIGN_IDENTITY[sdk=iphoneos*]" = "iPhone Developer";
				COPY_PHASE_STRIP = NO;
				DEBUG_INFORMATION_FORMAT = "dwarf-with-dsym";
				ENABLE_NS_ASSERTIONS = NO;
				ENABLE_STRICT_OBJC_MSGSEND = YES;
				GCC_C_LANGUAGE_STANDARD = gnu99;
				GCC_NO_COMMON_BLOCKS = YES;
				GCC_WARN_64_TO_32_BIT_CONVERSION = YES;
				GCC_WARN_ABOUT_RETURN_TYPE = YES_ERROR;
				GCC_WARN_UNDECLARED_SELECTOR = YES;
				GCC_WARN_UNINITIALIZED_AUTOS = YES_AGGRESSIVE;
				GCC_WARN_UNUSED_FUNCTION = YES;
				GCC_WARN_UNUSED_VARIABLE = YES;
				IPHONEOS_DEPLOYMENT_TARGET = 10.0;
				MTL_ENABLE_DEBUG_INFO = NO;
				SDKROOT = iphoneos;
				SWIFT_OPTIMIZATION_LEVEL = "-Owholemodule";
				TARGETED_DEVICE_FAMILY = "1,2";
				VALIDATE_PRODUCT = YES;
			};
			name = Release;
		};
		A514F2AB1E31604F00AC875B /* Debug */ = {
			isa = XCBuildConfiguration;
			baseConfigurationReference = D7DD5C1285FC069E79A6DE77 /* Pods-HyperRecipe.debug.xcconfig */;
			buildSettings = {
				ASSETCATALOG_COMPILER_APPICON_NAME = AppIcon;
				DEVELOPMENT_TEAM = D7C48J3S5N;
				INFOPLIST_FILE = HyperRecipe/Info.plist;
				IPHONEOS_DEPLOYMENT_TARGET = 10.0;
				LD_RUNPATH_SEARCH_PATHS = "$(inherited) @executable_path/Frameworks";
				PRODUCT_BUNDLE_IDENTIFIER = com.aymenworks.HyperRecipe;
				PRODUCT_NAME = "$(TARGET_NAME)";
				SWIFT_VERSION = 3.0;
			};
			name = Debug;
		};
		A514F2AC1E31604F00AC875B /* Release */ = {
			isa = XCBuildConfiguration;
			baseConfigurationReference = F8E4E83DBBA84825D97AB085 /* Pods-HyperRecipe.release.xcconfig */;
			buildSettings = {
				ASSETCATALOG_COMPILER_APPICON_NAME = AppIcon;
				DEVELOPMENT_TEAM = D7C48J3S5N;
				INFOPLIST_FILE = HyperRecipe/Info.plist;
				IPHONEOS_DEPLOYMENT_TARGET = 10.0;
				LD_RUNPATH_SEARCH_PATHS = "$(inherited) @executable_path/Frameworks";
				PRODUCT_BUNDLE_IDENTIFIER = com.aymenworks.HyperRecipe;
				PRODUCT_NAME = "$(TARGET_NAME)";
				SWIFT_VERSION = 3.0;
			};
			name = Release;
		};
/* End XCBuildConfiguration section */

/* Begin XCConfigurationList section */
		A514F2931E31604F00AC875B /* Build configuration list for PBXProject "HyperRecipe" */ = {
			isa = XCConfigurationList;
			buildConfigurations = (
				A514F2A81E31604F00AC875B /* Debug */,
				A514F2A91E31604F00AC875B /* Release */,
			);
			defaultConfigurationIsVisible = 0;
			defaultConfigurationName = Release;
		};
		A514F2AA1E31604F00AC875B /* Build configuration list for PBXNativeTarget "HyperRecipe" */ = {
			isa = XCConfigurationList;
			buildConfigurations = (
				A514F2AB1E31604F00AC875B /* Debug */,
				A514F2AC1E31604F00AC875B /* Release */,
			);
			defaultConfigurationIsVisible = 0;
			defaultConfigurationName = Release;
		};
/* End XCConfigurationList section */
	};
	rootObject = A514F2901E31604F00AC875B /* Project object */;
}
